// !$*UTF8*$!
{
	archiveVersion = 1;
	classes = {
	};
	objectVersion = 46;
	objects = {

/* Begin PBXBuildFile section */
		4E884B24F5910F64AFBDEFF1 /* Pods_FMDBDemo.framework in Frameworks */ = {isa = PBXBuildFile; fileRef = 21E33DE3E6317E403A0F6FBD /* Pods_FMDBDemo.framework */; };
		9946761B1D96049B00500C0D /* AppDelegate.swift in Sources */ = {isa = PBXBuildFile; fileRef = 9946761A1D96049B00500C0D /* AppDelegate.swift */; };
		9946761D1D96049B00500C0D /* ViewController.swift in Sources */ = {isa = PBXBuildFile; fileRef = 9946761C1D96049B00500C0D /* ViewController.swift */; };
		994676201D96049B00500C0D /* Main.storyboard in Resources */ = {isa = PBXBuildFile; fileRef = 9946761E1D96049B00500C0D /* Main.storyboard */; };
		994676221D96049B00500C0D /* Assets.xcassets in Resources */ = {isa = PBXBuildFile; fileRef = 994676211D96049B00500C0D /* Assets.xcassets */; };
		994676251D96049B00500C0D /* LaunchScreen.storyboard in Resources */ = {isa = PBXBuildFile; fileRef = 994676231D96049B00500C0D /* LaunchScreen.storyboard */; };
		9946762F1D96062100500C0D /* FMDatabaseAdditionsVariadic.swift in Sources */ = {isa = PBXBuildFile; fileRef = 9946762D1D96062100500C0D /* FMDatabaseAdditionsVariadic.swift */; };
		994676301D96062100500C0D /* FMDatabaseVariadic.swift in Sources */ = {isa = PBXBuildFile; fileRef = 9946762E1D96062100500C0D /* FMDatabaseVariadic.swift */; };
		994676321D96073100500C0D /* FMDBManager.swift in Sources */ = {isa = PBXBuildFile; fileRef = 994676311D96073100500C0D /* FMDBManager.swift */; };
		994676341D96122000500C0D /* FMDBModel.swift in Sources */ = {isa = PBXBuildFile; fileRef = 994676331D96122000500C0D /* FMDBModel.swift */; };
		994676361D96137100500C0D /* FMDBQueueManager.swift in Sources */ = {isa = PBXBuildFile; fileRef = 994676351D96137100500C0D /* FMDBQueueManager.swift */; };
/* End PBXBuildFile section */

/* Begin PBXFileReference section */
		21E33DE3E6317E403A0F6FBD /* Pods_FMDBDemo.framework */ = {isa = PBXFileReference; explicitFileType = wrapper.framework; includeInIndex = 0; path = Pods_FMDBDemo.framework; sourceTree = BUILT_PRODUCTS_DIR; };
		994676171D96049B00500C0D /* FMDBDemo.app */ = {isa = PBXFileReference; explicitFileType = wrapper.application; includeInIndex = 0; path = FMDBDemo.app; sourceTree = BUILT_PRODUCTS_DIR; };
		9946761A1D96049B00500C0D /* AppDelegate.swift */ = {isa = PBXFileReference; lastKnownFileType = sourcecode.swift; path = AppDelegate.swift; sourceTree = "<group>"; };
		9946761C1D96049B00500C0D /* ViewController.swift */ = {isa = PBXFileReference; lastKnownFileType = sourcecode.swift; path = ViewController.swift; sourceTree = "<group>"; };
		9946761F1D96049B00500C0D /* Base */ = {isa = PBXFileReference; lastKnownFileType = file.storyboard; name = Base; path = Base.lproj/Main.storyboard; sourceTree = "<group>"; };
		994676211D96049B00500C0D /* Assets.xcassets */ = {isa = PBXFileReference; lastKnownFileType = folder.assetcatalog; path = Assets.xcassets; sourceTree = "<group>"; };
		994676241D96049B00500C0D /* Base */ = {isa = PBXFileReference; lastKnownFileType = file.storyboard; name = Base; path = Base.lproj/LaunchScreen.storyboard; sourceTree = "<group>"; };
		994676261D96049B00500C0D /* Info.plist */ = {isa = PBXFileReference; lastKnownFileType = text.plist.xml; path = Info.plist; sourceTree = "<group>"; };
		9946762D1D96062100500C0D /* FMDatabaseAdditionsVariadic.swift */ = {isa = PBXFileReference; fileEncoding = 4; lastKnownFileType = sourcecode.swift; path = FMDatabaseAdditionsVariadic.swift; sourceTree = "<group>"; };
		9946762E1D96062100500C0D /* FMDatabaseVariadic.swift */ = {isa = PBXFileReference; fileEncoding = 4; lastKnownFileType = sourcecode.swift; path = FMDatabaseVariadic.swift; sourceTree = "<group>"; };
		994676311D96073100500C0D /* FMDBManager.swift */ = {isa = PBXFileReference; fileEncoding = 4; lastKnownFileType = sourcecode.swift; path = FMDBManager.swift; sourceTree = "<group>"; };
		994676331D96122000500C0D /* FMDBModel.swift */ = {isa = PBXFileReference; fileEncoding = 4; lastKnownFileType = sourcecode.swift; path = FMDBModel.swift; sourceTree = "<group>"; };
		994676351D96137100500C0D /* FMDBQueueManager.swift */ = {isa = PBXFileReference; fileEncoding = 4; lastKnownFileType = sourcecode.swift; path = FMDBQueueManager.swift; sourceTree = "<group>"; };
		CBF3CEEB2F9CE9745A76D90E /* Pods-FMDBDemo.debug.xcconfig */ = {isa = PBXFileReference; includeInIndex = 1; lastKnownFileType = text.xcconfig; name = "Pods-FMDBDemo.debug.xcconfig"; path = "Pods/Target Support Files/Pods-FMDBDemo/Pods-FMDBDemo.debug.xcconfig"; sourceTree = "<group>"; };
		FF44F4CD2C0C441349B29C21 /* Pods-FMDBDemo.release.xcconfig */ = {isa = PBXFileReference; includeInIndex = 1; lastKnownFileType = text.xcconfig; name = "Pods-FMDBDemo.release.xcconfig"; path = "Pods/Target Support Files/Pods-FMDBDemo/Pods-FMDBDemo.release.xcconfig"; sourceTree = "<group>"; };
/* End PBXFileReference section */

/* Begin PBXFrameworksBuildPhase section */
		994676141D96049B00500C0D /* Frameworks */ = {
			isa = PBXFrameworksBuildPhase;
			buildActionMask = 2147483647;
			files = (
				4E884B24F5910F64AFBDEFF1 /* Pods_FMDBDemo.framework in Frameworks */,
			);
			runOnlyForDeploymentPostprocessing = 0;
		};
/* End PBXFrameworksBuildPhase section */

/* Begin PBXGroup section */
		023305E97B5538F49F2A998C /* Pods */ = {
			isa = PBXGroup;
			children = (
				CBF3CEEB2F9CE9745A76D90E /* Pods-FMDBDemo.debug.xcconfig */,
				FF44F4CD2C0C441349B29C21 /* Pods-FMDBDemo.release.xcconfig */,
			);
			name = Pods;
			sourceTree = "<group>";
		};
		1AA660182DA5BF7F4C1568E1 /* Frameworks */ = {
			isa = PBXGroup;
			children = (
				21E33DE3E6317E403A0F6FBD /* Pods_FMDBDemo.framework */,
			);
			name = Frameworks;
			sourceTree = "<group>";
		};
		9946760E1D96049B00500C0D = {
			isa = PBXGroup;
			children = (
				994676191D96049B00500C0D /* FMDBDemo */,
				994676181D96049B00500C0D /* Products */,
				023305E97B5538F49F2A998C /* Pods */,
				1AA660182DA5BF7F4C1568E1 /* Frameworks */,
			);
			sourceTree = "<group>";
		};
		994676181D96049B00500C0D /* Products */ = {
			isa = PBXGroup;
			children = (
				994676171D96049B00500C0D /* FMDBDemo.app */,
			);
			name = Products;
			sourceTree = "<group>";
		};
		994676191D96049B00500C0D /* FMDBDemo */ = {
			isa = PBXGroup;
			children = (
				9946762C1D96062100500C0D /* FMDB_extro */,
				9946761A1D96049B00500C0D /* AppDelegate.swift */,
				9946761C1D96049B00500C0D /* ViewController.swift */,
				994676311D96073100500C0D /* FMDBManager.swift */,
				994676331D96122000500C0D /* FMDBModel.swift */,
				994676351D96137100500C0D /* FMDBQueueManager.swift */,
				9946761E1D96049B00500C0D /* Main.storyboard */,
				994676211D96049B00500C0D /* Assets.xcassets */,
				994676231D96049B00500C0D /* LaunchScreen.storyboard */,
				994676261D96049B00500C0D /* Info.plist */,
			);
			path = FMDBDemo;
			sourceTree = "<group>";
		};
		9946762C1D96062100500C0D /* FMDB_extro */ = {
			isa = PBXGroup;
			children = (
				9946762D1D96062100500C0D /* FMDatabaseAdditionsVariadic.swift */,
				9946762E1D96062100500C0D /* FMDatabaseVariadic.swift */,
			);
			path = FMDB_extro;
			sourceTree = "<group>";
		};
/* End PBXGroup section */

/* Begin PBXNativeTarget section */
		994676161D96049B00500C0D /* FMDBDemo */ = {
			isa = PBXNativeTarget;
			buildConfigurationList = 994676291D96049B00500C0D /* Build configuration list for PBXNativeTarget "FMDBDemo" */;
			buildPhases = (
				CEA5CC70A83EEC79D7F014AC /* [CP] Check Pods Manifest.lock */,
				994676131D96049B00500C0D /* Sources */,
				994676141D96049B00500C0D /* Frameworks */,
				994676151D96049B00500C0D /* Resources */,
				AE10949BFF0531D2CBB2A4EF /* [CP] Embed Pods Frameworks */,
				8239B3F410E20CCFA5E4A19C /* [CP] Copy Pods Resources */,
			);
			buildRules = (
			);
			dependencies = (
			);
			name = FMDBDemo;
			productName = FMDBDemo;
			productReference = 994676171D96049B00500C0D /* FMDBDemo.app */;
			productType = "com.apple.product-type.application";
		};
/* End PBXNativeTarget section */

/* Begin PBXProject section */
		9946760F1D96049B00500C0D /* Project object */ = {
			isa = PBXProject;
			attributes = {
				LastSwiftUpdateCheck = 0730;
				LastUpgradeCheck = 0730;
				ORGANIZATIONNAME = xiaoming;
				TargetAttributes = {
					994676161D96049B00500C0D = {
						CreatedOnToolsVersion = 7.3.1;
					};
				};
			};
			buildConfigurationList = 994676121D96049B00500C0D /* Build configuration list for PBXProject "FMDBDemo" */;
			compatibilityVersion = "Xcode 3.2";
			developmentRegion = English;
			hasScannedForEncodings = 0;
			knownRegions = (
				en,
				Base,
			);
			mainGroup = 9946760E1D96049B00500C0D;
			productRefGroup = 994676181D96049B00500C0D /* Products */;
			projectDirPath = "";
			projectRoot = "";
			targets = (
				994676161D96049B00500C0D /* FMDBDemo */,
			);
		};
/* End PBXProject section */

/* Begin PBXResourcesBuildPhase section */
		994676151D96049B00500C0D /* Resources */ = {
			isa = PBXResourcesBuildPhase;
			buildActionMask = 2147483647;
			files = (
				994676251D96049B00500C0D /* LaunchScreen.storyboard in Resources */,
				994676221D96049B00500C0D /* Assets.xcassets in Resources */,
				994676201D96049B00500C0D /* Main.storyboard in Resources */,
			);
			runOnlyForDeploymentPostprocessing = 0;
		};
/* End PBXResourcesBuildPhase section */

/* Begin PBXShellScriptBuildPhase section */
		8239B3F410E20CCFA5E4A19C /* [CP] Copy Pods Resources */ = {
			isa = PBXShellScriptBuildPhase;
			buildActionMask = 2147483647;
			files = (
			);
			inputPaths = (
			);
			name = "[CP] Copy Pods Resources";
			outputPaths = (
			);
			runOnlyForDeploymentPostprocessing = 0;
			shellPath = /bin/sh;
			shellScript = "\"${SRCROOT}/Pods/Target Support Files/Pods-FMDBDemo/Pods-FMDBDemo-resources.sh\"\n";
			showEnvVarsInLog = 0;
		};
		AE10949BFF0531D2CBB2A4EF /* [CP] Embed Pods Frameworks */ = {
			isa = PBXShellScriptBuildPhase;
			buildActionMask = 2147483647;
			files = (
			);
			inputPaths = (
			);
			name = "[CP] Embed Pods Frameworks";
			outputPaths = (
			);
			runOnlyForDeploymentPostprocessing = 0;
			shellPath = /bin/sh;
			shellScript = "\"${SRCROOT}/Pods/Target Support Files/Pods-FMDBDemo/Pods-FMDBDemo-frameworks.sh\"\n";
			showEnvVarsInLog = 0;
		};
		CEA5CC70A83EEC79D7F014AC /* [CP] Check Pods Manifest.lock */ = {
			isa = PBXShellScriptBuildPhase;
			buildActionMask = 2147483647;
			files = (
			);
			inputPaths = (
			);
			name = "[CP] Check Pods Manifest.lock";
			outputPaths = (
			);
			runOnlyForDeploymentPostprocessing = 0;
			shellPath = /bin/sh;
			shellScript = "diff \"${PODS_ROOT}/../Podfile.lock\" \"${PODS_ROOT}/Manifest.lock\" > /dev/null\nif [[ $? != 0 ]] ; then\n    cat << EOM\nerror: The sandbox is not in sync with the Podfile.lock. Run 'pod install' or update your CocoaPods installation.\nEOM\n    exit 1\nfi\n";
			showEnvVarsInLog = 0;
		};
/* End PBXShellScriptBuildPhase section */

/* Begin PBXSourcesBuildPhase section */
		994676131D96049B00500C0D /* Sources */ = {
			isa = PBXSourcesBuildPhase;
			buildActionMask = 2147483647;
			files = (
				9946761D1D96049B00500C0D /* ViewController.swift in Sources */,
				994676361D96137100500C0D /* FMDBQueueManager.swift in Sources */,
				994676321D96073100500C0D /* FMDBManager.swift in Sources */,
				994676341D96122000500C0D /* FMDBModel.swift in Sources */,
				9946761B1D96049B00500C0D /* AppDelegate.swift in Sources */,
				994676301D96062100500C0D /* FMDatabaseVariadic.swift in Sources */,
				9946762F1D96062100500C0D /* FMDatabaseAdditionsVariadic.swift in Sources */,
			);
			runOnlyForDeploymentPostprocessing = 0;
		};
/* End PBXSourcesBuildPhase section */

/* Begin PBXVariantGroup section */
		9946761E1D96049B00500C0D /* Main.storyboard */ = {
			isa = PBXVariantGroup;
			children = (
				9946761F1D96049B00500C0D /* Base */,
			);
			name = Main.storyboard;
			sourceTree = "<group>";
		};
		994676231D96049B00500C0D /* LaunchScreen.storyboard */ = {
			isa = PBXVariantGroup;
			children = (
				994676241D96049B00500C0D /* Base */,
			);
			name = LaunchScreen.storyboard;
			sourceTree = "<group>";
		};
/* End PBXVariantGroup section */

/* Begin XCBuildConfiguration section */
		994676271D96049B00500C0D /* Debug */ = {
			isa = XCBuildConfiguration;
			buildSettings = {
				ALWAYS_SEARCH_USER_PATHS = NO;
				CLANG_ANALYZER_NONNULL = YES;
				CLANG_CXX_LANGUAGE_STANDARD = "gnu++0x";
				CLANG_CXX_LIBRARY = "libc++";
				CLANG_ENABLE_MODULES = YES;
				CLANG_ENABLE_OBJC_ARC = YES;
				CLANG_WARN_BOOL_CONVERSION = YES;
				CLANG_WARN_CONSTANT_CONVERSION = YES;
				CLANG_WARN_DIRECT_OBJC_ISA_USAGE = YES_ERROR;
				CLANG_WARN_EMPTY_BODY = YES;
				CLANG_WARN_ENUM_CONVERSION = YES;
				CLANG_WARN_INT_CONVERSION = YES;
				CLANG_WARN_OBJC_ROOT_CLASS = YES_ERROR;
				CLANG_WARN_UNREACHABLE_CODE = YES;
				CLANG_WARN__DUPLICATE_METHOD_MATCH = YES;
				"CODE_SIGN_IDENTITY[sdk=iphoneos*]" = "iPhone Developer";
				COPY_PHASE_STRIP = NO;
				DEBUG_INFORMATION_FORMAT = dwarf;
				ENABLE_STRICT_OBJC_MSGSEND = YES;
				ENABLE_TESTABILITY = YES;
				GCC_C_LANGUAGE_STANDARD = gnu99;
				GCC_DYNAMIC_NO_PIC = NO;
				GCC_NO_COMMON_BLOCKS = YES;
				GCC_OPTIMIZATION_LEVEL = 0;
				GCC_PREPROCESSOR_DEFINITIONS = (
					"DEBUG=1",
					"$(inherited)",
				);
				GCC_WARN_64_TO_32_BIT_CONVERSION = YES;
				GCC_WARN_ABOUT_RETURN_TYPE = YES_ERROR;
				GCC_WARN_UNDECLARED_SELECTOR = YES;
				GCC_WARN_UNINITIALIZED_AUTOS = YES_AGGRESSIVE;
				GCC_WARN_UNUSED_FUNCTION = YES;
				GCC_WARN_UNUSED_VARIABLE = YES;
				IPHONEOS_DEPLOYMENT_TARGET = 9.3;
				MTL_ENABLE_DEBUG_INFO = YES;
				ONLY_ACTIVE_ARCH = YES;
				SDKROOT = iphoneos;
				SWIFT_OPTIMIZATION_LEVEL = "-Onone";
				TARGETED_DEVICE_FAMILY = "1,2";
			};
			name = Debug;
		};
		994676281D96049B00500C0D /* Release */ = {
			isa = XCBuildConfiguration;
			buildSettings = {
				ALWAYS_SEARCH_USER_PATHS = NO;
				CLANG_ANALYZER_NONNULL = YES;
				CLANG_CXX_LANGUAGE_STANDARD = "gnu++0x";
				CLANG_CXX_LIBRARY = "libc++";
				CLANG_ENABLE_MODULES = YES;
				CLANG_ENABLE_OBJC_ARC = YES;
				CLANG_WARN_BOOL_CONVERSION = YES;
				CLANG_WARN_CONSTANT_CONVERSION = YES;
				CLANG_WARN_DIRECT_OBJC_ISA_USAGE = YES_ERROR;
				CLANG_WARN_EMPTY_BODY = YES;
				CLANG_WARN_ENUM_CONVERSION = YES;
				CLANG_WARN_INT_CONVERSION = YES;
				CLANG_WARN_OBJC_ROOT_CLASS = YES_ERROR;
				CLANG_WARN_UNREACHABLE_CODE = YES;
				CLANG_WARN__DUPLICATE_METHOD_MATCH = YES;
				"CODE_SIGN_IDENTITY[sdk=iphoneos*]" = "iPhone Developer";
				COPY_PHASE_STRIP = NO;
				DEBUG_INFORMATION_FORMAT = "dwarf-with-dsym";
				ENABLE_NS_ASSERTIONS = NO;
				ENABLE_STRICT_OBJC_MSGSEND = YES;
				GCC_C_LANGUAGE_STANDARD = gnu99;
				GCC_NO_COMMON_BLOCKS = YES;
				GCC_WARN_64_TO_32_BIT_CONVERSION = YES;
				GCC_WARN_ABOUT_RETURN_TYPE = YES_ERROR;
				GCC_WARN_UNDECLARED_SELECTOR = YES;
				GCC_WARN_UNINITIALIZED_AUTOS = YES_AGGRESSIVE;
				GCC_WARN_UNUSED_FUNCTION = YES;
				GCC_WARN_UNUSED_VARIABLE = YES;
				IPHONEOS_DEPLOYMENT_TARGET = 9.3;
				MTL_ENABLE_DEBUG_INFO = NO;
				SDKROOT = iphoneos;
				TARGETED_DEVICE_FAMILY = "1,2";
				VALIDATE_PRODUCT = YES;
			};
			name = Release;
		};
		9946762A1D96049B00500C0D /* Debug */ = {
			isa = XCBuildConfiguration;
			baseConfigurationReference = CBF3CEEB2F9CE9745A76D90E /* Pods-FMDBDemo.debug.xcconfig */;
			buildSettings = {
				ASSETCATALOG_COMPILER_APPICON_NAME = AppIcon;
				INFOPLIST_FILE = FMDBDemo/Info.plist;
				LD_RUNPATH_SEARCH_PATHS = "$(inherited) @executable_path/Frameworks";
				PRODUCT_BUNDLE_IDENTIFIER = com.apple..FMDBDemo;
				PRODUCT_NAME = "$(TARGET_NAME)";
			};
			name = Debug;
		};
		9946762B1D96049B00500C0D /* Release */ = {
			isa = XCBuildConfiguration;
			baseConfigurationReference = FF44F4CD2C0C441349B29C21 /* Pods-FMDBDemo.release.xcconfig */;
			buildSettings = {
				ASSETCATALOG_COMPILER_APPICON_NAME = AppIcon;
				INFOPLIST_FILE = FMDBDemo/Info.plist;
				LD_RUNPATH_SEARCH_PATHS = "$(inherited) @executable_path/Frameworks";
				PRODUCT_BUNDLE_IDENTIFIER = com.apple..FMDBDemo;
				PRODUCT_NAME = "$(TARGET_NAME)";
			};
			name = Release;
		};
/* End XCBuildConfiguration section */

/* Begin XCConfigurationList section */
		994676121D96049B00500C0D /* Build configuration list for PBXProject "FMDBDemo" */ = {
			isa = XCConfigurationList;
			buildConfigurations = (
				994676271D96049B00500C0D /* Debug */,
				994676281D96049B00500C0D /* Release */,
			);
			defaultConfigurationIsVisible = 0;
			defaultConfigurationName = Release;
		};
		994676291D96049B00500C0D /* Build configuration list for PBXNativeTarget "FMDBDemo" */ = {
			isa = XCConfigurationList;
			buildConfigurations = (
				9946762A1D96049B00500C0D /* Debug */,
				9946762B1D96049B00500C0D /* Release */,
			);
			defaultConfigurationIsVisible = 0;
			defaultConfigurationName = Release;
		};
/* End XCConfigurationList section */
	};
	rootObject = 9946760F1D96049B00500C0D /* Project object */;
}
